// !$*UTF8*$!
{
	archiveVersion = 1;
	classes = {
	};
	objectVersion = 46;
	objects = {

/* Begin PBXBuildFile section */
		7BC4429E1A0E9C1B00A27B3E /* AppDelegate.swift in Sources */ = {isa = PBXBuildFile; fileRef = 7BC4429D1A0E9C1B00A27B3E /* AppDelegate.swift */; };
		7BC442A51A0E9C1B00A27B3E /* Main.storyboard in Resources */ = {isa = PBXBuildFile; fileRef = 7BC442A31A0E9C1B00A27B3E /* Main.storyboard */; };
		7BC442A71A0E9C1B00A27B3E /* Images.xcassets in Resources */ = {isa = PBXBuildFile; fileRef = 7BC442A61A0E9C1B00A27B3E /* Images.xcassets */; };
		7BC442AA1A0E9C1B00A27B3E /* LaunchScreen.xib in Resources */ = {isa = PBXBuildFile; fileRef = 7BC442A81A0E9C1B00A27B3E /* LaunchScreen.xib */; };
		7BC442C01A0EA5C100A27B3E /* aura.swift in Sources */ = {isa = PBXBuildFile; fileRef = 7BC442BF1A0EA5C100A27B3E /* aura.swift */; };
		7BC442C21A0EAEE100A27B3E /* HomeViewController.swift in Sources */ = {isa = PBXBuildFile; fileRef = 7BC442C11A0EAEE100A27B3E /* HomeViewController.swift */; };
		7BC442C61A0EC28400A27B3E /* ConnectedViewController.swift in Sources */ = {isa = PBXBuildFile; fileRef = 7BC442C51A0EC28400A27B3E /* ConnectedViewController.swift */; };
		7BC442C81A0EC45400A27B3E /* TracksViewController.swift in Sources */ = {isa = PBXBuildFile; fileRef = 7BC442C71A0EC45400A27B3E /* TracksViewController.swift */; };
		7BC442CB1A0ECD9900A27B3E /* TrackCell.swift in Sources */ = {isa = PBXBuildFile; fileRef = 7BC442CA1A0ECD9900A27B3E /* TrackCell.swift */; };
		7BC442CE1A0EF81200A27B3E /* DismissSegue.swift in Sources */ = {isa = PBXBuildFile; fileRef = 7BC442CD1A0EF81200A27B3E /* DismissSegue.swift */; };
		7BF5AACE1A0EFE87004ECE88 /* PlayerController.swift in Sources */ = {isa = PBXBuildFile; fileRef = 7BF5AACD1A0EFE87004ECE88 /* PlayerController.swift */; };
		7BF5AAD01A0F0788004ECE88 /* player.swift in Sources */ = {isa = PBXBuildFile; fileRef = 7BF5AACF1A0F0788004ECE88 /* player.swift */; };
/* End PBXBuildFile section */

/* Begin PBXFileReference section */
		7BC442981A0E9C1B00A27B3E /* iaura.app */ = {isa = PBXFileReference; explicitFileType = wrapper.application; includeInIndex = 0; path = iaura.app; sourceTree = BUILT_PRODUCTS_DIR; };
		7BC4429C1A0E9C1B00A27B3E /* Info.plist */ = {isa = PBXFileReference; lastKnownFileType = text.plist.xml; path = Info.plist; sourceTree = "<group>"; };
		7BC4429D1A0E9C1B00A27B3E /* AppDelegate.swift */ = {isa = PBXFileReference; lastKnownFileType = sourcecode.swift; path = AppDelegate.swift; sourceTree = "<group>"; };
		7BC442A41A0E9C1B00A27B3E /* Base */ = {isa = PBXFileReference; lastKnownFileType = file.storyboard; name = Base; path = Base.lproj/Main.storyboard; sourceTree = "<group>"; };
		7BC442A61A0E9C1B00A27B3E /* Images.xcassets */ = {isa = PBXFileReference; lastKnownFileType = folder.assetcatalog; path = Images.xcassets; sourceTree = "<group>"; };
		7BC442A91A0E9C1B00A27B3E /* Base */ = {isa = PBXFileReference; lastKnownFileType = file.xib; name = Base; path = Base.lproj/LaunchScreen.xib; sourceTree = "<group>"; };
		7BC442BF1A0EA5C100A27B3E /* aura.swift */ = {isa = PBXFileReference; fileEncoding = 4; lastKnownFileType = sourcecode.swift; path = aura.swift; sourceTree = "<group>"; };
		7BC442C11A0EAEE100A27B3E /* HomeViewController.swift */ = {isa = PBXFileReference; fileEncoding = 4; lastKnownFileType = sourcecode.swift; path = HomeViewController.swift; sourceTree = "<group>"; };
		7BC442C51A0EC28400A27B3E /* ConnectedViewController.swift */ = {isa = PBXFileReference; fileEncoding = 4; lastKnownFileType = sourcecode.swift; path = ConnectedViewController.swift; sourceTree = "<group>"; };
		7BC442C71A0EC45400A27B3E /* TracksViewController.swift */ = {isa = PBXFileReference; fileEncoding = 4; lastKnownFileType = sourcecode.swift; path = TracksViewController.swift; sourceTree = "<group>"; };
		7BC442CA1A0ECD9900A27B3E /* TrackCell.swift */ = {isa = PBXFileReference; fileEncoding = 4; lastKnownFileType = sourcecode.swift; path = TrackCell.swift; sourceTree = "<group>"; };
		7BC442CD1A0EF81200A27B3E /* DismissSegue.swift */ = {isa = PBXFileReference; fileEncoding = 4; lastKnownFileType = sourcecode.swift; path = DismissSegue.swift; sourceTree = "<group>"; };
		7BF5AACD1A0EFE87004ECE88 /* PlayerController.swift */ = {isa = PBXFileReference; fileEncoding = 4; lastKnownFileType = sourcecode.swift; path = PlayerController.swift; sourceTree = "<group>"; };
		7BF5AACF1A0F0788004ECE88 /* player.swift */ = {isa = PBXFileReference; fileEncoding = 4; lastKnownFileType = sourcecode.swift; path = player.swift; sourceTree = "<group>"; };
/* End PBXFileReference section */

/* Begin PBXFrameworksBuildPhase section */
		7BC442951A0E9C1B00A27B3E /* Frameworks */ = {
			isa = PBXFrameworksBuildPhase;
			buildActionMask = 2147483647;
			files = (
			);
			runOnlyForDeploymentPostprocessing = 0;
		};
/* End PBXFrameworksBuildPhase section */

/* Begin PBXGroup section */
		7BC4428F1A0E9C1B00A27B3E = {
			isa = PBXGroup;
			children = (
				7BC4429A1A0E9C1B00A27B3E /* iaura */,
				7BC442991A0E9C1B00A27B3E /* Products */,
			);
			sourceTree = "<group>";
		};
		7BC442991A0E9C1B00A27B3E /* Products */ = {
			isa = PBXGroup;
			children = (
				7BC442981A0E9C1B00A27B3E /* iaura.app */,
			);
			name = Products;
			sourceTree = "<group>";
		};
		7BC4429A1A0E9C1B00A27B3E /* iaura */ = {
			isa = PBXGroup;
			children = (
				7BC442CC1A0EDA2800A27B3E /* Source */,
				7BC442A31A0E9C1B00A27B3E /* Main.storyboard */,
				7BC442A61A0E9C1B00A27B3E /* Images.xcassets */,
				7BC442A81A0E9C1B00A27B3E /* LaunchScreen.xib */,
				7BC4429B1A0E9C1B00A27B3E /* Supporting Files */,
			);
			path = iaura;
			sourceTree = "<group>";
		};
		7BC4429B1A0E9C1B00A27B3E /* Supporting Files */ = {
			isa = PBXGroup;
			children = (
				7BC4429C1A0E9C1B00A27B3E /* Info.plist */,
			);
			name = "Supporting Files";
			sourceTree = "<group>";
		};
		7BC442CC1A0EDA2800A27B3E /* Source */ = {
			isa = PBXGroup;
			children = (
				7BC4429D1A0E9C1B00A27B3E /* AppDelegate.swift */,
				7BC442BF1A0EA5C100A27B3E /* aura.swift */,
				7BF5AACF1A0F0788004ECE88 /* player.swift */,
				7BC442C71A0EC45400A27B3E /* TracksViewController.swift */,
				7BC442CA1A0ECD9900A27B3E /* TrackCell.swift */,
				7BC442C51A0EC28400A27B3E /* ConnectedViewController.swift */,
				7BC442C11A0EAEE100A27B3E /* HomeViewController.swift */,
				7BF5AACD1A0EFE87004ECE88 /* PlayerController.swift */,
				7BC442CD1A0EF81200A27B3E /* DismissSegue.swift */,
			);
			name = Source;
			sourceTree = "<group>";
		};
/* End PBXGroup section */

/* Begin PBXNativeTarget section */
		7BC442971A0E9C1B00A27B3E /* iaura */ = {
			isa = PBXNativeTarget;
			buildConfigurationList = 7BC442B91A0E9C1B00A27B3E /* Build configuration list for PBXNativeTarget "iaura" */;
			buildPhases = (
				7BC442941A0E9C1B00A27B3E /* Sources */,
				7BC442951A0E9C1B00A27B3E /* Frameworks */,
				7BC442961A0E9C1B00A27B3E /* Resources */,
			);
			buildRules = (
			);
			dependencies = (
			);
			name = iaura;
			productName = iaura;
			productReference = 7BC442981A0E9C1B00A27B3E /* iaura.app */;
			productType = "com.apple.product-type.application";
		};
/* End PBXNativeTarget section */

/* Begin PBXProject section */
		7BC442901A0E9C1B00A27B3E /* Project object */ = {
			isa = PBXProject;
			attributes = {
				LastUpgradeCheck = 0610;
				ORGANIZATIONNAME = "Adrian Sampson";
				TargetAttributes = {
					7BC442971A0E9C1B00A27B3E = {
						CreatedOnToolsVersion = 6.1;
					};
				};
			};
			buildConfigurationList = 7BC442931A0E9C1B00A27B3E /* Build configuration list for PBXProject "iaura" */;
			compatibilityVersion = "Xcode 3.2";
			developmentRegion = English;
			hasScannedForEncodings = 0;
			knownRegions = (
				en,
				Base,
			);
			mainGroup = 7BC4428F1A0E9C1B00A27B3E;
			productRefGroup = 7BC442991A0E9C1B00A27B3E /* Products */;
			projectDirPath = "";
			projectRoot = "";
			targets = (
				7BC442971A0E9C1B00A27B3E /* iaura */,
			);
		};
/* End PBXProject section */

/* Begin PBXResourcesBuildPhase section */
		7BC442961A0E9C1B00A27B3E /* Resources */ = {
			isa = PBXResourcesBuildPhase;
			buildActionMask = 2147483647;
			files = (
				7BC442A51A0E9C1B00A27B3E /* Main.storyboard in Resources */,
				7BC442AA1A0E9C1B00A27B3E /* LaunchScreen.xib in Resources */,
				7BC442A71A0E9C1B00A27B3E /* Images.xcassets in Resources */,
			);
			runOnlyForDeploymentPostprocessing = 0;
		};
/* End PBXResourcesBuildPhase section */

/* Begin PBXSourcesBuildPhase section */
		7BC442941A0E9C1B00A27B3E /* Sources */ = {
			isa = PBXSourcesBuildPhase;
			buildActionMask = 2147483647;
			files = (
				7BC442CB1A0ECD9900A27B3E /* TrackCell.swift in Sources */,
				7BC442C21A0EAEE100A27B3E /* HomeViewController.swift in Sources */,
				7BF5AACE1A0EFE87004ECE88 /* PlayerController.swift in Sources */,
				7BC442CE1A0EF81200A27B3E /* DismissSegue.swift in Sources */,
				7BF5AAD01A0F0788004ECE88 /* player.swift in Sources */,
				7BC442C61A0EC28400A27B3E /* ConnectedViewController.swift in Sources */,
				7BC4429E1A0E9C1B00A27B3E /* AppDelegate.swift in Sources */,
				7BC442C81A0EC45400A27B3E /* TracksViewController.swift in Sources */,
				7BC442C01A0EA5C100A27B3E /* aura.swift in Sources */,
			);
			runOnlyForDeploymentPostprocessing = 0;
		};
/* End PBXSourcesBuildPhase section */

/* Begin PBXVariantGroup section */
		7BC442A31A0E9C1B00A27B3E /* Main.storyboard */ = {
			isa = PBXVariantGroup;
			children = (
				7BC442A41A0E9C1B00A27B3E /* Base */,
			);
			name = Main.storyboard;
			sourceTree = "<group>";
		};
		7BC442A81A0E9C1B00A27B3E /* LaunchScreen.xib */ = {
			isa = PBXVariantGroup;
			children = (
				7BC442A91A0E9C1B00A27B3E /* Base */,
			);
			name = LaunchScreen.xib;
			sourceTree = "<group>";
		};
/* End PBXVariantGroup section */

/* Begin XCBuildConfiguration section */
		7BC442B71A0E9C1B00A27B3E /* Debug */ = {
			isa = XCBuildConfiguration;
			buildSettings = {
				ALWAYS_SEARCH_USER_PATHS = NO;
				CLANG_CXX_LANGUAGE_STANDARD = "gnu++0x";
				CLANG_CXX_LIBRARY = "libc++";
				CLANG_ENABLE_MODULES = YES;
				CLANG_ENABLE_OBJC_ARC = YES;
				CLANG_WARN_BOOL_CONVERSION = YES;
				CLANG_WARN_CONSTANT_CONVERSION = YES;
				CLANG_WARN_DIRECT_OBJC_ISA_USAGE = YES_ERROR;
				CLANG_WARN_EMPTY_BODY = YES;
				CLANG_WARN_ENUM_CONVERSION = YES;
				CLANG_WARN_INT_CONVERSION = YES;
				CLANG_WARN_OBJC_ROOT_CLASS = YES_ERROR;
				CLANG_WARN_UNREACHABLE_CODE = YES;
				CLANG_WARN__DUPLICATE_METHOD_MATCH = YES;
				"CODE_SIGN_IDENTITY[sdk=iphoneos*]" = "iPhone Developer";
				COPY_PHASE_STRIP = NO;
				ENABLE_STRICT_OBJC_MSGSEND = YES;
				GCC_C_LANGUAGE_STANDARD = gnu99;
				GCC_DYNAMIC_NO_PIC = NO;
				GCC_OPTIMIZATION_LEVEL = 0;
				GCC_PREPROCESSOR_DEFINITIONS = (
					"DEBUG=1",
					"$(inherited)",
				);
				GCC_SYMBOLS_PRIVATE_EXTERN = NO;
				GCC_WARN_64_TO_32_BIT_CONVERSION = YES;
				GCC_WARN_ABOUT_RETURN_TYPE = YES_ERROR;
				GCC_WARN_UNDECLARED_SELECTOR = YES;
				GCC_WARN_UNINITIALIZED_AUTOS = YES_AGGRESSIVE;
				GCC_WARN_UNUSED_FUNCTION = YES;
				GCC_WARN_UNUSED_VARIABLE = YES;
				IPHONEOS_DEPLOYMENT_TARGET = 8.1;
				MTL_ENABLE_DEBUG_INFO = YES;
				ONLY_ACTIVE_ARCH = YES;
				SDKROOT = iphoneos;
				SWIFT_OPTIMIZATION_LEVEL = "-Onone";
				TARGETED_DEVICE_FAMILY = "1,2";
			};
			name = Debug;
		};
		7BC442B81A0E9C1B00A27B3E /* Release */ = {
			isa = XCBuildConfiguration;
			buildSettings = {
				ALWAYS_SEARCH_USER_PATHS = NO;
				CLANG_CXX_LANGUAGE_STANDARD = "gnu++0x";
				CLANG_CXX_LIBRARY = "libc++";
				CLANG_ENABLE_MODULES = YES;
				CLANG_ENABLE_OBJC_ARC = YES;
				CLANG_WARN_BOOL_CONVERSION = YES;
				CLANG_WARN_CONSTANT_CONVERSION = YES;
				CLANG_WARN_DIRECT_OBJC_ISA_USAGE = YES_ERROR;
				CLANG_WARN_EMPTY_BODY = YES;
				CLANG_WARN_ENUM_CONVERSION = YES;
				CLANG_WARN_INT_CONVERSION = YES;
				CLANG_WARN_OBJC_ROOT_CLASS = YES_ERROR;
				CLANG_WARN_UNREACHABLE_CODE = YES;
				CLANG_WARN__DUPLICATE_METHOD_MATCH = YES;
				"CODE_SIGN_IDENTITY[sdk=iphoneos*]" = "iPhone Developer";
				COPY_PHASE_STRIP = YES;
				ENABLE_NS_ASSERTIONS = NO;
				ENABLE_STRICT_OBJC_MSGSEND = YES;
				GCC_C_LANGUAGE_STANDARD = gnu99;
				GCC_WARN_64_TO_32_BIT_CONVERSION = YES;
				GCC_WARN_ABOUT_RETURN_TYPE = YES_ERROR;
				GCC_WARN_UNDECLARED_SELECTOR = YES;
				GCC_WARN_UNINITIALIZED_AUTOS = YES_AGGRESSIVE;
				GCC_WARN_UNUSED_FUNCTION = YES;
				GCC_WARN_UNUSED_VARIABLE = YES;
				IPHONEOS_DEPLOYMENT_TARGET = 8.1;
				MTL_ENABLE_DEBUG_INFO = NO;
				SDKROOT = iphoneos;
				TARGETED_DEVICE_FAMILY = "1,2";
				VALIDATE_PRODUCT = YES;
			};
			name = Release;
		};
		7BC442BA1A0E9C1B00A27B3E /* Debug */ = {
			isa = XCBuildConfiguration;
			buildSettings = {
				ASSETCATALOG_COMPILER_APPICON_NAME = AppIcon;
				INFOPLIST_FILE = iaura/Info.plist;
				LD_RUNPATH_SEARCH_PATHS = "$(inherited) @executable_path/Frameworks";
				PRODUCT_NAME = "$(TARGET_NAME)";
			};
			name = Debug;
		};
		7BC442BB1A0E9C1B00A27B3E /* Release */ = {
			isa = XCBuildConfiguration;
			buildSettings = {
				ASSETCATALOG_COMPILER_APPICON_NAME = AppIcon;
				INFOPLIST_FILE = iaura/Info.plist;
				LD_RUNPATH_SEARCH_PATHS = "$(inherited) @executable_path/Frameworks";
				PRODUCT_NAME = "$(TARGET_NAME)";
			};
			name = Release;
		};
/* End XCBuildConfiguration section */

/* Begin XCConfigurationList section */
		7BC442931A0E9C1B00A27B3E /* Build configuration list for PBXProject "iaura" */ = {
			isa = XCConfigurationList;
			buildConfigurations = (
				7BC442B71A0E9C1B00A27B3E /* Debug */,
				7BC442B81A0E9C1B00A27B3E /* Release */,
			);
			defaultConfigurationIsVisible = 0;
			defaultConfigurationName = Release;
		};
		7BC442B91A0E9C1B00A27B3E /* Build configuration list for PBXNativeTarget "iaura" */ = {
			isa = XCConfigurationList;
			buildConfigurations = (
				7BC442BA1A0E9C1B00A27B3E /* Debug */,
				7BC442BB1A0E9C1B00A27B3E /* Release */,
			);
			defaultConfigurationIsVisible = 0;
			defaultConfigurationName = Release;
		};
/* End XCConfigurationList section */
	};
	rootObject = 7BC442901A0E9C1B00A27B3E /* Project object */;
}
